# THIS IS AN AUTOGENERATED FILE. DO NOT EDIT THIS FILE DIRECTLY.
# yarn lockfile v1


aos@^2.2.0:
  version "2.2.0"
  resolved "https://registry.yarnpkg.com/aos/-/aos-2.2.0.tgz#e388a873324c99e5dae0c5169226d1163dee5135"
  dependencies:
    classlist-polyfill "^1.0.3"
    lodash.debounce "^4.0.6"
    lodash.throttle "^4.0.1"

bulma@^0.6.0:
  version "0.6.0"
  resolved "https://registry.yarnpkg.com/bulma/-/bulma-0.6.0.tgz#4f5c5de582810d11aa0cfb1f30aec8a792d0d92c"

classlist-polyfill@^1.0.3:
  version "1.2.0"
  resolved "https://registry.yarnpkg.com/classlist-polyfill/-/classlist-polyfill-1.2.0.tgz#935bc2dfd9458a876b279617514638bcaa964a2e"

devicon@^2.0.0:
  version "2.0.0"
  resolved "https://registry.yarnpkg.com/devicon/-/devicon-2.0.0.tgz#6374a28c18561abe15720af01dca5ea0953cd51b"

font-awesome@^4.7.0:
  version "4.7.0"
  resolved "https://registry.yarnpkg.com/font-awesome/-/font-awesome-4.7.0.tgz#8fa8cf0411a1a31afd07b06d2902bb9fc815a133"

fullpage.js@^2.9.4:
  version "2.9.4"
  resolved "https://registry.yarnpkg.com/fullpage.js/-/fullpage.js-2.9.4.tgz#b07de9c146c95c042d28a31e934b8faf334fa0e9"
  dependencies:
    jquery ">=1.6.0"

hamburgers@^0.9.1:
  version "0.9.1"
  resolved "https://registry.yarnpkg.com/hamburgers/-/hamburgers-0.9.1.tgz#49bc3bca667a693a8458388c9ef265ae611348d5"

jquery@>=1.6.0:
  version "3.2.1"
  resolved "https://registry.yarnpkg.com/jquery/-/jquery-3.2.1.tgz#5c4d9de652af6cd0a770154a631bba12b015c787"

lodash.debounce@^4.0.6:
  version "4.0.8"
  resolved "https://registry.yarnpkg.com/lodash.debounce/-/lodash.debounce-4.0.8.tgz#82d79bff30a67c4005ffd5e2515300ad9ca4d7af"

lodash.throttle@^4.0.1:
  version "4.1.1"
  resolved "https://registry.yarnpkg.com/lodash.throttle/-/lodash.throttle-4.1.1.tgz#c23e91b710242ac70c37f1e1cda9274cc39bf2f4"

pace-js@^1.0.2:
  version "1.0.2"
  resolved "https://registry.yarnpkg.com/pace-js/-/pace-js-1.0.2.tgz#673a717f833ccb4f4315531b75ee4788376600f7"

spinkit@^1.2.5:
  version "1.2.5"
  resolved "https://registry.yarnpkg.com/spinkit/-/spinkit-1.2.5.tgz#90f9f466a20e8e39ef24da959c1e611c2a30dd54"
